{"is_source_file": false, "format": "", "description": "", "external_files": [], "external_methods": [], "published": [], "classes": [], "methods": [], "calls": [], "search-terms": [], "state": 2, "file_id": 1, "knowledge_revision": 19, "git_revision": "0f7cfb3d198c7451cf4bd4d2d3957400fd3b15c3", "filename": "/home/kavia/workspace/code-generation/quizmaster-pro-95073-95079/quizmaster_pro/post_process_status.lock", "hash": "9c4ed7ef73e22b872b8055bec08b8979", "format-version": 4, "code-base-name": "default", "revision_history": [{"19": "0f7cfb3d198c7451cf4bd4d2d3957400fd3b15c3"}]}